// !$*UTF8*$!
{
	archiveVersion = 1;
	classes = {
	};
	objectVersion = 77;
	objects = {

/* Begin PBXBuildFile section */
		4806A9EC2E8FE13700E55273 /* Candidates in Frameworks */ = {isa = PBXBuildFile; productRef = 4806A9EB2E8FE13700E55273 /* Candidates */; };
		4812E2F32E78631C00737943 /* ContentView.swift in Sources */ = {isa = PBXBuildFile; fileRef = 4812E2F12E78631C00737943 /* ContentView.swift */; };
		4812E2F42E78631C00737943 /* VitesseAppMain.swift in Sources */ = {isa = PBXBuildFile; fileRef = 4812E2F22E78631C00737943 /* VitesseAppMain.swift */; };
		48F9C09E2E86B49A0074F9CE /* Authentication in Frameworks */ = {isa = PBXBuildFile; productRef = 48F9C09D2E86B49A0074F9CE /* Authentication */; };
/* End PBXBuildFile section */

/* Begin PBXContainerItemProxy section */
		4812E2D32E78626F00737943 /* PBXContainerItemProxy */ = {
			isa = PBXContainerItemProxy;
			containerPortal = 4812E2BD2E78626E00737943 /* Project object */;
			proxyType = 1;
			remoteGlobalIDString = 4812E2C42E78626E00737943;
			remoteInfo = VitesseApp;
		};
		4812E2DD2E78626F00737943 /* PBXContainerItemProxy */ = {
			isa = PBXContainerItemProxy;
			containerPortal = 4812E2BD2E78626E00737943 /* Project object */;
			proxyType = 1;
			remoteGlobalIDString = 4812E2C42E78626E00737943;
			remoteInfo = VitesseApp;
		};
/* End PBXContainerItemProxy section */

/* Begin PBXFileReference section */
		4812E2C52E78626E00737943 /* VitesseApp.app */ = {isa = PBXFileReference; explicitFileType = wrapper.application; includeInIndex = 0; path = VitesseApp.app; sourceTree = BUILT_PRODUCTS_DIR; };
		4812E2D22E78626F00737943 /* VitesseAppTests.xctest */ = {isa = PBXFileReference; explicitFileType = wrapper.cfbundle; includeInIndex = 0; path = VitesseAppTests.xctest; sourceTree = BUILT_PRODUCTS_DIR; };
		4812E2DC2E78626F00737943 /* VitesseAppUITests.xctest */ = {isa = PBXFileReference; explicitFileType = wrapper.cfbundle; includeInIndex = 0; path = VitesseAppUITests.xctest; sourceTree = BUILT_PRODUCTS_DIR; };
		4812E2F12E78631C00737943 /* ContentView.swift */ = {isa = PBXFileReference; lastKnownFileType = sourcecode.swift; path = ContentView.swift; sourceTree = "<group>"; };
		4812E2F22E78631C00737943 /* VitesseAppMain.swift */ = {isa = PBXFileReference; lastKnownFileType = sourcecode.swift; path = VitesseAppMain.swift; sourceTree = "<group>"; };
/* End PBXFileReference section */

/* Begin PBXFileSystemSynchronizedBuildFileExceptionSet section */
		4812E33F2E786B9600737943 /* Exceptions for "Sources" folder in "VitesseApp" target */ = {
			isa = PBXFileSystemSynchronizedBuildFileExceptionSet;
			membershipExceptions = (
				Tests/VitesseAppTests/VitesseAppTests.swift,
				Tests/VitesseAppUITests/VitesseAppUITests.swift,
				Tests/VitesseAppUITests/VitesseAppUITestsLaunchTests.swift,
			);
			target = 4812E2C42E78626E00737943 /* VitesseApp */;
		};
		4812E3402E786B9600737943 /* Exceptions for "Sources" folder in "VitesseAppTests" target */ = {
			isa = PBXFileSystemSynchronizedBuildFileExceptionSet;
			membershipExceptions = (
				Tests/VitesseAppTests/VitesseAppTests.swift,
			);
			target = 4812E2D12E78626F00737943 /* VitesseAppTests */;
		};
		4812E3412E786B9600737943 /* Exceptions for "Sources" folder in "VitesseAppUITests" target */ = {
			isa = PBXFileSystemSynchronizedBuildFileExceptionSet;
			membershipExceptions = (
				Tests/VitesseAppUITests/VitesseAppUITests.swift,
				Tests/VitesseAppUITests/VitesseAppUITestsLaunchTests.swift,
			);
			target = 4812E2DB2E78626F00737943 /* VitesseAppUITests */;
		};
/* End PBXFileSystemSynchronizedBuildFileExceptionSet section */

/* Begin PBXFileSystemSynchronizedRootGroup section */
		4812E3342E786B8400737943 /* Sources */ = {
			isa = PBXFileSystemSynchronizedRootGroup;
			exceptions = (
				4812E33F2E786B9600737943 /* Exceptions for "Sources" folder in "VitesseApp" target */,
				4812E3402E786B9600737943 /* Exceptions for "Sources" folder in "VitesseAppTests" target */,
				4812E3412E786B9600737943 /* Exceptions for "Sources" folder in "VitesseAppUITests" target */,
			);
			path = Sources;
			sourceTree = "<group>";
		};
/* End PBXFileSystemSynchronizedRootGroup section */

/* Begin PBXFrameworksBuildPhase section */
		4812E2C22E78626E00737943 /* Frameworks */ = {
			isa = PBXFrameworksBuildPhase;
			buildActionMask = 2147483647;
			files = (
				4806A9EC2E8FE13700E55273 /* Candidates in Frameworks */,
				48F9C09E2E86B49A0074F9CE /* Authentication in Frameworks */,
			);
			runOnlyForDeploymentPostprocessing = 0;
		};
		4812E2CF2E78626F00737943 /* Frameworks */ = {
			isa = PBXFrameworksBuildPhase;
			buildActionMask = 2147483647;
			files = (
			);
			runOnlyForDeploymentPostprocessing = 0;
		};
		4812E2D92E78626F00737943 /* Frameworks */ = {
			isa = PBXFrameworksBuildPhase;
			buildActionMask = 2147483647;
			files = (
			);
			runOnlyForDeploymentPostprocessing = 0;
		};
/* End PBXFrameworksBuildPhase section */

/* Begin PBXGroup section */
		4812E2BC2E78626E00737943 = {
			isa = PBXGroup;
			children = (
				4812E3342E786B8400737943 /* Sources */,
				4812E2C62E78626E00737943 /* Products */,
				4812E2F12E78631C00737943 /* ContentView.swift */,
				4812E2F22E78631C00737943 /* VitesseAppMain.swift */,
				48F9C09C2E86B4840074F9CE /* Frameworks */,
			);
			sourceTree = "<group>";
		};
		4812E2C62E78626E00737943 /* Products */ = {
			isa = PBXGroup;
			children = (
				4812E2C52E78626E00737943 /* VitesseApp.app */,
				4812E2D22E78626F00737943 /* VitesseAppTests.xctest */,
				4812E2DC2E78626F00737943 /* VitesseAppUITests.xctest */,
			);
			name = Products;
			sourceTree = "<group>";
		};
		48F9C09C2E86B4840074F9CE /* Frameworks */ = {
			isa = PBXGroup;
			children = (
			);
			name = Frameworks;
			sourceTree = "<group>";
		};
/* End PBXGroup section */

/* Begin PBXNativeTarget section */
		4812E2C42E78626E00737943 /* VitesseApp */ = {
			isa = PBXNativeTarget;
			buildConfigurationList = 4812E2E62E78626F00737943 /* Build configuration list for PBXNativeTarget "VitesseApp" */;
			buildPhases = (
				4812E2C12E78626E00737943 /* Sources */,
				4812E2C22E78626E00737943 /* Frameworks */,
				4812E2C32E78626E00737943 /* Resources */,
			);
			buildRules = (
			);
			dependencies = (
			);
			fileSystemSynchronizedGroups = (
				4812E3342E786B8400737943 /* Sources */,
			);
			name = VitesseApp;
			packageProductDependencies = (
				48F9C09D2E86B49A0074F9CE /* Authentication */,
				4806A9EB2E8FE13700E55273 /* Candidates */,
			);
			productName = VitesseApp;
			productReference = 4812E2C52E78626E00737943 /* VitesseApp.app */;
			productType = "com.apple.product-type.application";
		};
		4812E2D12E78626F00737943 /* VitesseAppTests */ = {
			isa = PBXNativeTarget;
			buildConfigurationList = 4812E2E92E78626F00737943 /* Build configuration list for PBXNativeTarget "VitesseAppTests" */;
			buildPhases = (
				4812E2CE2E78626F00737943 /* Sources */,
				4812E2CF2E78626F00737943 /* Frameworks */,
				4812E2D02E78626F00737943 /* Resources */,
			);
			buildRules = (
			);
			dependencies = (
				4812E2D42E78626F00737943 /* PBXTargetDependency */,
			);
			name = VitesseAppTests;
			packageProductDependencies = (
			);
			productName = VitesseAppTests;
			productReference = 4812E2D22E78626F00737943 /* VitesseAppTests.xctest */;
			productType = "com.apple.product-type.bundle.unit-test";
		};
		4812E2DB2E78626F00737943 /* VitesseAppUITests */ = {
			isa = PBXNativeTarget;
			buildConfigurationList = 4812E2EC2E78626F00737943 /* Build configuration list for PBXNativeTarget "VitesseAppUITests" */;
			buildPhases = (
				4812E2D82E78626F00737943 /* Sources */,
				4812E2D92E78626F00737943 /* Frameworks */,
				4812E2DA2E78626F00737943 /* Resources */,
			);
			buildRules = (
			);
			dependencies = (
				4812E2DE2E78626F00737943 /* PBXTargetDependency */,
			);
			name = VitesseAppUITests;
			packageProductDependencies = (
			);
			productName = VitesseAppUITests;
			productReference = 4812E2DC2E78626F00737943 /* VitesseAppUITests.xctest */;
			productType = "com.apple.product-type.bundle.ui-testing";
		};
/* End PBXNativeTarget section */

/* Begin PBXProject section */
		4812E2BD2E78626E00737943 /* Project object */ = {
			isa = PBXProject;
			attributes = {
				BuildIndependentTargetsInParallel = 1;
				LastSwiftUpdateCheck = 1630;
				LastUpgradeCheck = 1630;
				TargetAttributes = {
					4812E2C42E78626E00737943 = {
						CreatedOnToolsVersion = 16.3;
					};
					4812E2D12E78626F00737943 = {
						CreatedOnToolsVersion = 16.3;
						TestTargetID = 4812E2C42E78626E00737943;
					};
					4812E2DB2E78626F00737943 = {
						CreatedOnToolsVersion = 16.3;
						TestTargetID = 4812E2C42E78626E00737943;
					};
				};
			};
			buildConfigurationList = 4812E2C02E78626E00737943 /* Build configuration list for PBXProject "VitesseApp" */;
			developmentRegion = en;
			hasScannedForEncodings = 0;
			knownRegions = (
				en,
				Base,
			);
			mainGroup = 4812E2BC2E78626E00737943;
			minimizedProjectReferenceProxies = 1;
			preferredProjectObjectVersion = 77;
			productRefGroup = 4812E2C62E78626E00737943 /* Products */;
			projectDirPath = "";
			projectRoot = "";
			targets = (
				4812E2C42E78626E00737943 /* VitesseApp */,
				4812E2D12E78626F00737943 /* VitesseAppTests */,
				4812E2DB2E78626F00737943 /* VitesseAppUITests */,
			);
		};
/* End PBXProject section */

/* Begin PBXResourcesBuildPhase section */
		4812E2C32E78626E00737943 /* Resources */ = {
			isa = PBXResourcesBuildPhase;
			buildActionMask = 2147483647;
			files = (
			);
			runOnlyForDeploymentPostprocessing = 0;
		};
		4812E2D02E78626F00737943 /* Resources */ = {
			isa = PBXResourcesBuildPhase;
			buildActionMask = 2147483647;
			files = (
			);
			runOnlyForDeploymentPostprocessing = 0;
		};
		4812E2DA2E78626F00737943 /* Resources */ = {
			isa = PBXResourcesBuildPhase;
			buildActionMask = 2147483647;
			files = (
			);
			runOnlyForDeploymentPostprocessing = 0;
		};
/* End PBXResourcesBuildPhase section */

/* Begin PBXSourcesBuildPhase section */
		4812E2C12E78626E00737943 /* Sources */ = {
			isa = PBXSourcesBuildPhase;
			buildActionMask = 2147483647;
			files = (
				4812E2F32E78631C00737943 /* ContentView.swift in Sources */,
				4812E2F42E78631C00737943 /* VitesseAppMain.swift in Sources */,
			);
			runOnlyForDeploymentPostprocessing = 0;
		};
		4812E2CE2E78626F00737943 /* Sources */ = {
			isa = PBXSourcesBuildPhase;
			buildActionMask = 2147483647;
			files = (
			);
			runOnlyForDeploymentPostprocessing = 0;
		};
		4812E2D82E78626F00737943 /* Sources */ = {
			isa = PBXSourcesBuildPhase;
			buildActionMask = 2147483647;
			files = (
			);
			runOnlyForDeploymentPostprocessing = 0;
		};
/* End PBXSourcesBuildPhase section */

/* Begin PBXTargetDependency section */
		4812E2D42E78626F00737943 /* PBXTargetDependency */ = {
			isa = PBXTargetDependency;
			target = 4812E2C42E78626E00737943 /* VitesseApp */;
			targetProxy = 4812E2D32E78626F00737943 /* PBXContainerItemProxy */;
		};
		4812E2DE2E78626F00737943 /* PBXTargetDependency */ = {
			isa = PBXTargetDependency;
			target = 4812E2C42E78626E00737943 /* VitesseApp */;
			targetProxy = 4812E2DD2E78626F00737943 /* PBXContainerItemProxy */;
		};
/* End PBXTargetDependency section */

/* Begin XCBuildConfiguration section */
		4812E2E42E78626F00737943 /* Debug */ = {
			isa = XCBuildConfiguration;
			buildSettings = {
				ALWAYS_SEARCH_USER_PATHS = NO;
				ASSETCATALOG_COMPILER_GENERATE_SWIFT_ASSET_SYMBOL_EXTENSIONS = YES;
				CLANG_ANALYZER_NONNULL = YES;
				CLANG_ANALYZER_NUMBER_OBJECT_CONVERSION = YES_AGGRESSIVE;
				CLANG_CXX_LANGUAGE_STANDARD = "gnu++20";
				CLANG_ENABLE_MODULES = YES;
				CLANG_ENABLE_OBJC_ARC = YES;
				CLANG_ENABLE_OBJC_WEAK = YES;
				CLANG_WARN_BLOCK_CAPTURE_AUTORELEASING = YES;
				CLANG_WARN_BOOL_CONVERSION = YES;
				CLANG_WARN_COMMA = YES;
				CLANG_WARN_CONSTANT_CONVERSION = YES;
				CLANG_WARN_DEPRECATED_OBJC_IMPLEMENTATIONS = YES;
				CLANG_WARN_DIRECT_OBJC_ISA_USAGE = YES_ERROR;
				CLANG_WARN_DOCUMENTATION_COMMENTS = YES;
				CLANG_WARN_EMPTY_BODY = YES;
				CLANG_WARN_ENUM_CONVERSION = YES;
				CLANG_WARN_INFINITE_RECURSION = YES;
				CLANG_WARN_INT_CONVERSION = YES;
				CLANG_WARN_NON_LITERAL_NULL_CONVERSION = YES;
				CLANG_WARN_OBJC_IMPLICIT_RETAIN_SELF = YES;
				CLANG_WARN_OBJC_LITERAL_CONVERSION = YES;
				CLANG_WARN_OBJC_ROOT_CLASS = YES_ERROR;
				CLANG_WARN_QUOTED_INCLUDE_IN_FRAMEWORK_HEADER = YES;
				CLANG_WARN_RANGE_LOOP_ANALYSIS = YES;
				CLANG_WARN_STRICT_PROTOTYPES = YES;
				CLANG_WARN_SUSPICIOUS_MOVE = YES;
				CLANG_WARN_UNGUARDED_AVAILABILITY = YES_AGGRESSIVE;
				CLANG_WARN_UNREACHABLE_CODE = YES;
				CLANG_WARN__DUPLICATE_METHOD_MATCH = YES;
				COPY_PHASE_STRIP = NO;
				DEBUG_INFORMATION_FORMAT = dwarf;
				DEVELOPMENT_TEAM = 3N9T5X39D7;
				ENABLE_STRICT_OBJC_MSGSEND = YES;
				ENABLE_TESTABILITY = YES;
				ENABLE_USER_SCRIPT_SANDBOXING = YES;
				GCC_C_LANGUAGE_STANDARD = gnu17;
				GCC_DYNAMIC_NO_PIC = NO;
				GCC_NO_COMMON_BLOCKS = YES;
				GCC_OPTIMIZATION_LEVEL = 0;
				GCC_PREPROCESSOR_DEFINITIONS = (
					"DEBUG=1",
					"$(inherited)",
				);
				GCC_WARN_64_TO_32_BIT_CONVERSION = YES;
				GCC_WARN_ABOUT_RETURN_TYPE = YES_ERROR;
				GCC_WARN_UNDECLARED_SELECTOR = YES;
				GCC_WARN_UNINITIALIZED_AUTOS = YES_AGGRESSIVE;
				GCC_WARN_UNUSED_FUNCTION = YES;
				GCC_WARN_UNUSED_VARIABLE = YES;
				IPHONEOS_DEPLOYMENT_TARGET = 18.4;
				LOCALIZATION_PREFERS_STRING_CATALOGS = YES;
				MTL_ENABLE_DEBUG_INFO = INCLUDE_SOURCE;
				MTL_FAST_MATH = YES;
				ONLY_ACTIVE_ARCH = YES;
				SDKROOT = iphoneos;
				SWIFT_ACTIVE_COMPILATION_CONDITIONS = "DEBUG $(inherited)";
				SWIFT_OPTIMIZATION_LEVEL = "-Onone";
			};
			name = Debug;
		};
		4812E2E52E78626F00737943 /* Release */ = {
			isa = XCBuildConfiguration;
			buildSettings = {
				ALWAYS_SEARCH_USER_PATHS = NO;
				ASSETCATALOG_COMPILER_GENERATE_SWIFT_ASSET_SYMBOL_EXTENSIONS = YES;
				CLANG_ANALYZER_NONNULL = YES;
				CLANG_ANALYZER_NUMBER_OBJECT_CONVERSION = YES_AGGRESSIVE;
				CLANG_CXX_LANGUAGE_STANDARD = "gnu++20";
				CLANG_ENABLE_MODULES = YES;
				CLANG_ENABLE_OBJC_ARC = YES;
				CLANG_ENABLE_OBJC_WEAK = YES;
				CLANG_WARN_BLOCK_CAPTURE_AUTORELEASING = YES;
				CLANG_WARN_BOOL_CONVERSION = YES;
				CLANG_WARN_COMMA = YES;
				CLANG_WARN_CONSTANT_CONVERSION = YES;
				CLANG_WARN_DEPRECATED_OBJC_IMPLEMENTATIONS = YES;
				CLANG_WARN_DIRECT_OBJC_ISA_USAGE = YES_ERROR;
				CLANG_WARN_DOCUMENTATION_COMMENTS = YES;
				CLANG_WARN_EMPTY_BODY = YES;
				CLANG_WARN_ENUM_CONVERSION = YES;
				CLANG_WARN_INFINITE_RECURSION = YES;
				CLANG_WARN_INT_CONVERSION = YES;
				CLANG_WARN_NON_LITERAL_NULL_CONVERSION = YES;
				CLANG_WARN_OBJC_IMPLICIT_RETAIN_SELF = YES;
				CLANG_WARN_OBJC_LITERAL_CONVERSION = YES;
				CLANG_WARN_OBJC_ROOT_CLASS = YES_ERROR;
				CLANG_WARN_QUOTED_INCLUDE_IN_FRAMEWORK_HEADER = YES;
				CLANG_WARN_RANGE_LOOP_ANALYSIS = YES;
				CLANG_WARN_STRICT_PROTOTYPES = YES;
				CLANG_WARN_SUSPICIOUS_MOVE = YES;
				CLANG_WARN_UNGUARDED_AVAILABILITY = YES_AGGRESSIVE;
				CLANG_WARN_UNREACHABLE_CODE = YES;
				CLANG_WARN__DUPLICATE_METHOD_MATCH = YES;
				COPY_PHASE_STRIP = NO;
				DEBUG_INFORMATION_FORMAT = "dwarf-with-dsym";
				DEVELOPMENT_TEAM = 3N9T5X39D7;
				ENABLE_NS_ASSERTIONS = NO;
				ENABLE_STRICT_OBJC_MSGSEND = YES;
				ENABLE_USER_SCRIPT_SANDBOXING = YES;
				GCC_C_LANGUAGE_STANDARD = gnu17;
				GCC_NO_COMMON_BLOCKS = YES;
				GCC_WARN_64_TO_32_BIT_CONVERSION = YES;
				GCC_WARN_ABOUT_RETURN_TYPE = YES_ERROR;
				GCC_WARN_UNDECLARED_SELECTOR = YES;
				GCC_WARN_UNINITIALIZED_AUTOS = YES_AGGRESSIVE;
				GCC_WARN_UNUSED_FUNCTION = YES;
				GCC_WARN_UNUSED_VARIABLE = YES;
				IPHONEOS_DEPLOYMENT_TARGET = 18.4;
				LOCALIZATION_PREFERS_STRING_CATALOGS = YES;
				MTL_ENABLE_DEBUG_INFO = NO;
				MTL_FAST_MATH = YES;
				SDKROOT = iphoneos;
				SWIFT_COMPILATION_MODE = wholemodule;
				VALIDATE_PRODUCT = YES;
			};
			name = Release;
		};
		4812E2E72E78626F00737943 /* Debug */ = {
			isa = XCBuildConfiguration;
			buildSettings = {
				ASSETCATALOG_COMPILER_APPICON_NAME = AppIcon;
				ASSETCATALOG_COMPILER_GLOBAL_ACCENT_COLOR_NAME = AccentColor;
				CODE_SIGN_STYLE = Automatic;
				CURRENT_PROJECT_VERSION = 1;
				DEVELOPMENT_TEAM = 3N9T5X39D7;
				ENABLE_PREVIEWS = YES;
				GENERATE_INFOPLIST_FILE = YES;
				INFOPLIST_KEY_UIApplicationSceneManifest_Generation = YES;
				INFOPLIST_KEY_UIApplicationSupportsIndirectInputEvents = YES;
				INFOPLIST_KEY_UILaunchScreen_Generation = YES;
				INFOPLIST_KEY_UISupportedInterfaceOrientations_iPad = "UIInterfaceOrientationPortrait UIInterfaceOrientationPortraitUpsideDown UIInterfaceOrientationLandscapeLeft UIInterfaceOrientationLandscapeRight";
				INFOPLIST_KEY_UISupportedInterfaceOrientations_iPhone = "UIInterfaceOrientationPortrait UIInterfaceOrientationLandscapeLeft UIInterfaceOrientationLandscapeRight";
				LD_RUNPATH_SEARCH_PATHS = (
					"$(inherited)",
					"@executable_path/Frameworks",
				);
				MARKETING_VERSION = 1.0;
				PRODUCT_BUNDLE_IDENTIFIER = com.JohanTrino.VitesseApp;
				PRODUCT_NAME = "$(TARGET_NAME)";
				SWIFT_EMIT_LOC_STRINGS = YES;
				SWIFT_VERSION = 5.0;
				TARGETED_DEVICE_FAMILY = "1,2";
			};
			name = Debug;
		};
		4812E2E82E78626F00737943 /* Release */ = {
			isa = XCBuildConfiguration;
			buildSettings = {
				ASSETCATALOG_COMPILER_APPICON_NAME = AppIcon;
				ASSETCATALOG_COMPILER_GLOBAL_ACCENT_COLOR_NAME = AccentColor;
				CODE_SIGN_STYLE = Automatic;
				CURRENT_PROJECT_VERSION = 1;
				DEVELOPMENT_TEAM = 3N9T5X39D7;
				ENABLE_PREVIEWS = YES;
				GENERATE_INFOPLIST_FILE = YES;
				INFOPLIST_KEY_UIApplicationSceneManifest_Generation = YES;
				INFOPLIST_KEY_UIApplicationSupportsIndirectInputEvents = YES;
				INFOPLIST_KEY_UILaunchScreen_Generation = YES;
				INFOPLIST_KEY_UISupportedInterfaceOrientations_iPad = "UIInterfaceOrientationPortrait UIInterfaceOrientationPortraitUpsideDown UIInterfaceOrientationLandscapeLeft UIInterfaceOrientationLandscapeRight";
				INFOPLIST_KEY_UISupportedInterfaceOrientations_iPhone = "UIInterfaceOrientationPortrait UIInterfaceOrientationLandscapeLeft UIInterfaceOrientationLandscapeRight";
				LD_RUNPATH_SEARCH_PATHS = (
					"$(inherited)",
					"@executable_path/Frameworks",
				);
				MARKETING_VERSION = 1.0;
				PRODUCT_BUNDLE_IDENTIFIER = com.JohanTrino.VitesseApp;
				PRODUCT_NAME = "$(TARGET_NAME)";
				SWIFT_EMIT_LOC_STRINGS = YES;
				SWIFT_VERSION = 5.0;
				TARGETED_DEVICE_FAMILY = "1,2";
			};
			name = Release;
		};
		4812E2EA2E78626F00737943 /* Debug */ = {
			isa = XCBuildConfiguration;
			buildSettings = {
				BUNDLE_LOADER = "$(TEST_HOST)";
				CODE_SIGN_STYLE = Automatic;
				CURRENT_PROJECT_VERSION = 1;
				DEVELOPMENT_TEAM = 3N9T5X39D7;
				GENERATE_INFOPLIST_FILE = YES;
				IPHONEOS_DEPLOYMENT_TARGET = 18.4;
				MARKETING_VERSION = 1.0;
				PRODUCT_BUNDLE_IDENTIFIER = com.JohanTrino.VitesseAppTests;
				PRODUCT_NAME = "$(TARGET_NAME)";
				SWIFT_EMIT_LOC_STRINGS = NO;
				SWIFT_VERSION = 5.0;
				TARGETED_DEVICE_FAMILY = "1,2";
				TEST_HOST = "$(BUILT_PRODUCTS_DIR)/VitesseApp.app/$(BUNDLE_EXECUTABLE_FOLDER_PATH)/VitesseApp";
			};
			name = Debug;
		};
		4812E2EB2E78626F00737943 /* Release */ = {
			isa = XCBuildConfiguration;
			buildSettings = {
				BUNDLE_LOADER = "$(TEST_HOST)";
				CODE_SIGN_STYLE = Automatic;
				CURRENT_PROJECT_VERSION = 1;
				DEVELOPMENT_TEAM = 3N9T5X39D7;
				GENERATE_INFOPLIST_FILE = YES;
				IPHONEOS_DEPLOYMENT_TARGET = 18.4;
				MARKETING_VERSION = 1.0;
				PRODUCT_BUNDLE_IDENTIFIER = com.JohanTrino.VitesseAppTests;
				PRODUCT_NAME = "$(TARGET_NAME)";
				SWIFT_EMIT_LOC_STRINGS = NO;
				SWIFT_VERSION = 5.0;
				TARGETED_DEVICE_FAMILY = "1,2";
				TEST_HOST = "$(BUILT_PRODUCTS_DIR)/VitesseApp.app/$(BUNDLE_EXECUTABLE_FOLDER_PATH)/VitesseApp";
			};
			name = Release;
		};
		4812E2ED2E78626F00737943 /* Debug */ = {
			isa = XCBuildConfiguration;
			buildSettings = {
				CODE_SIGN_STYLE = Automatic;
				CURRENT_PROJECT_VERSION = 1;
				DEVELOPMENT_TEAM = 3N9T5X39D7;
				GENERATE_INFOPLIST_FILE = YES;
				MARKETING_VERSION = 1.0;
				PRODUCT_BUNDLE_IDENTIFIER = com.JohanTrino.VitesseAppUITests;
				PRODUCT_NAME = "$(TARGET_NAME)";
				SWIFT_EMIT_LOC_STRINGS = NO;
				SWIFT_VERSION = 5.0;
				TARGETED_DEVICE_FAMILY = "1,2";
				TEST_TARGET_NAME = VitesseApp;
			};
			name = Debug;
		};
		4812E2EE2E78626F00737943 /* Release */ = {
			isa = XCBuildConfiguration;
			buildSettings = {
				CODE_SIGN_STYLE = Automatic;
				CURRENT_PROJECT_VERSION = 1;
				DEVELOPMENT_TEAM = 3N9T5X39D7;
				GENERATE_INFOPLIST_FILE = YES;
				MARKETING_VERSION = 1.0;
				PRODUCT_BUNDLE_IDENTIFIER = com.JohanTrino.VitesseAppUITests;
				PRODUCT_NAME = "$(TARGET_NAME)";
				SWIFT_EMIT_LOC_STRINGS = NO;
				SWIFT_VERSION = 5.0;
				TARGETED_DEVICE_FAMILY = "1,2";
				TEST_TARGET_NAME = VitesseApp;
			};
			name = Release;
		};
/* End XCBuildConfiguration section */

/* Begin XCConfigurationList section */
		4812E2C02E78626E00737943 /* Build configuration list for PBXProject "VitesseApp" */ = {
			isa = XCConfigurationList;
			buildConfigurations = (
				4812E2E42E78626F00737943 /* Debug */,
				4812E2E52E78626F00737943 /* Release */,
			);
			defaultConfigurationIsVisible = 0;
			defaultConfigurationName = Release;
		};
		4812E2E62E78626F00737943 /* Build configuration list for PBXNativeTarget "VitesseApp" */ = {
			isa = XCConfigurationList;
			buildConfigurations = (
				4812E2E72E78626F00737943 /* Debug */,
				4812E2E82E78626F00737943 /* Release */,
			);
			defaultConfigurationIsVisible = 0;
			defaultConfigurationName = Release;
		};
		4812E2E92E78626F00737943 /* Build configuration list for PBXNativeTarget "VitesseAppTests" */ = {
			isa = XCConfigurationList;
			buildConfigurations = (
				4812E2EA2E78626F00737943 /* Debug */,
				4812E2EB2E78626F00737943 /* Release */,
			);
			defaultConfigurationIsVisible = 0;
			defaultConfigurationName = Release;
		};
		4812E2EC2E78626F00737943 /* Build configuration list for PBXNativeTarget "VitesseAppUITests" */ = {
			isa = XCConfigurationList;
			buildConfigurations = (
				4812E2ED2E78626F00737943 /* Debug */,
				4812E2EE2E78626F00737943 /* Release */,
			);
			defaultConfigurationIsVisible = 0;
			defaultConfigurationName = Release;
		};
/* End XCConfigurationList section */

/* Begin XCSwiftPackageProductDependency section */
		4806A9EB2E8FE13700E55273 /* Candidates */ = {
			isa = XCSwiftPackageProductDependency;
			productName = Candidates;
		};
		48F9C09D2E86B49A0074F9CE /* Authentication */ = {
			isa = XCSwiftPackageProductDependency;
			productName = Authentication;
		};
/* End XCSwiftPackageProductDependency section */
	};
	rootObject = 4812E2BD2E78626E00737943 /* Project object */;
}
